PODS:
  - Crashlytics (3.9.0):
    - Fabric (~> 1.7.0)
  - Fabric (1.7.0)
  - FCAlertView (1.4.0)
  - InputMask (2.2.6)
  - Material (2.11.4):
    - Material/Core (= 2.11.4)
  - Material/Core (2.11.4):
    - Motion (~> 1.2.0)
  - Motion (1.2.2):
    - Motion/Core (= 1.2.2)
  - Motion/Core (1.2.2)
  - NVActivityIndicatorView (4.0.0):
    - NVActivityIndicatorView/Presenter (= 4.0.0)
  - NVActivityIndicatorView/Presenter (4.0.0)
  - ReachabilitySwift (3)
  - SkyFloatingLabelTextField (3.2.1)
  - SnapKit (4.0.0)

DEPENDENCIES:
  - Crashlytics
  - Fabric
  - FCAlertView
  - InputMask
  - Material
  - NVActivityIndicatorView
  - ReachabilitySwift (~> 3)
  - SkyFloatingLabelTextField (~> 3.0)
  - SnapKit

SPEC CHECKSUMS:
  Crashlytics: 64aad5dd97249dd3ff94b979fea140144590cdd3
  Fabric: e6be012366472553807dada21243c5ab8d904151
  FCAlertView: fdddd63381898c1d1a5a20c9f084fbd2c6d12f8b
  InputMask: 756ffc515121d07a9c81a605fa5c44e5ac5bde13
  Material: a1e1ec7789ffab391f8179047926f1736865eb7e
  Motion: 532cc6bb5d6777c58a20f71c26c5825173017f60
  NVActivityIndicatorView: 54c9b93b6f25a4f467512680c0c90c09a1095cf2
  ReachabilitySwift: f5b9bb30a0777fac8f09ce8b067e32faeb29bb64
  SkyFloatingLabelTextField: 71d28906024e7d7e4460099b342f3ca7036a2e24
  SnapKit: a42d492c16e80209130a3379f73596c3454b7694

PODFILE CHECKSUM: 53b5729e655c51758732a145a150f520522b086a

COCOAPODS: 1.2.1
